
Microsoft Visual Studio Solution File, Format Version 12.00
# Visual Studio 15
VisualStudioVersion = 15.0.28010.2016
MinimumVisualStudioVersion = 10.0.40219.1
Project("{FAE04EC0-301F-11D3-BF4B-00C04F79EFBC}") = "BitcoinMonitor", "BitcoinMonitor\BitcoinMonitor.csproj", "{7954C0AB-22F0-4331-A573-CE003CC98A96}"
EndProject
Global
	GlobalSection(SolutionConfigurationPlatforms) = preSolution
		Debug|Any CPU = Debug|Any CPU
		Release|Any CPU = Release|Any CPU
	EndGlobalSection
	GlobalSection(ProjectConfigurationPlatforms) = postSolution
		{7954C0AB-22F0-4331-A573-CE003CC98A96}.Debug|Any CPU.ActiveCfg = Debug|Any CPU
		{7954C0AB-22F0-4331-A573-CE003CC98A96}.Debug|Any CPU.Build.0 = Debug|Any CPU
		{7954C0AB-22F0-4331-A573-CE003CC98A96}.Release|Any CPU.ActiveCfg = Release|Any CPU
		{7954C0AB-22F0-4331-A573-CE003CC98A96}.Release|Any CPU.Build.0 = Release|Any CPU
	EndGlobalSection
	GlobalSection(SolutionProperties) = preSolution
		HideSolutionNode = FALSE
	EndGlobalSection
	GlobalSection(ExtensibilityGlobals) = postSolution
		SolutionGuid = {E7A7E661-C540-4184-AF5B-1316420DD43D}
	EndGlobalSection
EndGlobal
